# This file is automatically @generated by Cargo.
# It is not intended for manual editing.
[[package]]
name = "libc"
version = "0.2.96"
source = "registry+https://github.com/rust-lang/crates.io-index"
checksum = "5600b4e6efc5421841a2138a6b082e07fe12f9aaa12783d50e5d13325b26b4fc"

[[package]]
name = "screenshot"
version = "0.0.7"
source = "registry+https://github.com/rust-lang/crates.io-index"
checksum = "24b0b92756c1a1cb4d01d15a2b61bb8e0c606a0d661ffc6ebadd2b2d5c2552f6"
dependencies = [
 "libc",
]

[[package]]
name = "screenshot-rs"
version = "0.1.5"
source = "registry+https://github.com/rust-lang/crates.io-index"
checksum = "b92a95d91fb5134630144a266e1bd3617548b4f1f6a3443e268a572d0c099a64"

[[package]]
name = "test-screenshot"
version = "0.1.0"
dependencies = [
 "screenshot",
 "screenshot-rs",
]
